{
  "name": "databox-e2e-tests",
  "version": "1.0.0",
  "lockfileVersion": 3,
  "requires": true,
  "packages": {
    "": {
      "name": "databox-e2e-tests",
      "version": "1.0.0",
      "hasInstallScript": true,
      "dependencies": {
        "dotenv": "^16.3.1",
        "filepond": "^4.32.8"
      },
      "devDependencies": {
        "@playwright/test": "^1.54.2",
        "@types/node": "^20.0.0",
        "mailhog": "^4.16.0"
      }
    },
    "node_modules/@playwright/test": {
      "version": "1.54.2",
      "resolved": "https://registry.npmjs.org/@playwright/test/-/test-1.54.2.tgz",
      "integrity": "sha512-A+znathYxPf+72riFd1r1ovOLqsIIB0jKIoPjyK2kqEIe30/6jF6BC7QNluHuwUmsD2tv1XZVugN8GqfTMOxsA==",
      "dev": true,
      "dependencies": {
        "playwright": "1.54.2"
      },
      "bin": {
        "playwright": "cli.js"
      },
      "engines": {
        "node": ">=18"
      }
    },
    "node_modules/@types/node": {
      "version": "20.19.9",
      "resolved": "https://registry.npmjs.org/@types/node/-/node-20.19.9.tgz",
      "integrity": "sha512-cuVNgarYWZqxRJDQHEB58GEONhOK79QVR/qYx4S7kcUObQvUwvFnYxJuuHUKm2aieN9X3yZB4LZsuYNU1Qphsw==",
      "dev": true,
      "license": "MIT",
      "dependencies": {
        "undici-types": "~6.21.0"
      }
    },
    "node_modules/dotenv": {
      "version": "16.6.1",
      "resolved": "https://registry.npmjs.org/dotenv/-/dotenv-16.6.1.tgz",
      "integrity": "sha512-uBq4egWHTcTt33a72vpSG0z3HnPuIl6NqYcTrKEg2azoEyl2hpW0zqlxysq2pK9HlDIHyHyakeYaYnSAwd8bow==",
      "license": "BSD-2-Clause",
      "engines": {
        "node": ">=12"
      },
      "funding": {
        "url": "https://dotenvx.com"
      }
    },
    "node_modules/filepond": {
      "version": "4.32.8",
      "resolved": "https://registry.npmjs.org/filepond/-/filepond-4.32.8.tgz",
      "integrity": "sha512-svcz5lh4YKrV92zogqpOKzVEOXbD/zT7RAHso5Lqp0GujP+kxF2PSl9Tb6AdYVzfMRtoPsExcphJPpBLoo8eYg=="
    },
    "node_modules/fsevents": {
      "version": "2.3.2",
      "resolved": "https://registry.npmjs.org/fsevents/-/fsevents-2.3.2.tgz",
      "integrity": "sha512-xiqMQR4xAeHTuB9uWm+fFRcIOgKBMiOBP+eXiyT7jsgVCq1bkVygt00oASowB7EdtpOHaaPgKt812P9ab+DDKA==",
      "dev": true,
      "hasInstallScript": true,
      "optional": true,
      "os": [
        "darwin"
      ],
      "engines": {
        "node": "^8.16.0 || ^10.6.0 || >=11.0.0"
      }
    },
    "node_modules/iconv-lite": {
      "version": "0.6.3",
      "resolved": "https://registry.npmjs.org/iconv-lite/-/iconv-lite-0.6.3.tgz",
      "integrity": "sha512-4fCk79wshMdzMp2rH06qWrJE4iolqLhCUH+OiuIgU++RB0+94NlDL81atO7GX55uUKueo0txHNtvEyI6D7WdMw==",
      "dev": true,
      "optional": true,
      "dependencies": {
        "safer-buffer": ">= 2.1.2 < 3.0.0"
      },
      "engines": {
        "node": ">=0.10.0"
      }
    },
    "node_modules/mailhog": {
      "version": "4.16.0",
      "resolved": "https://registry.npmjs.org/mailhog/-/mailhog-4.16.0.tgz",
      "integrity": "sha512-wXrGik+0MaAy4dbYTImxa8niX9a4aRpZTzC/b1GzCvQs09khhs0aKZgHjgScakI4Y18WInDvvF48hhEz9ifN4g==",
      "dev": true,
      "engines": {
        "node": ">=10.0.0"
      },
      "optionalDependencies": {
        "iconv-lite": "^0.6"
      }
    },
    "node_modules/playwright": {
      "version": "1.54.2",
      "resolved": "https://registry.npmjs.org/playwright/-/playwright-1.54.2.tgz",
      "integrity": "sha512-Hu/BMoA1NAdRUuulyvQC0pEqZ4vQbGfn8f7wPXcnqQmM+zct9UliKxsIkLNmz/ku7LElUNqmaiv1TG/aL5ACsw==",
      "dev": true,
      "dependencies": {
        "playwright-core": "1.54.2"
      },
      "bin": {
        "playwright": "cli.js"
      },
      "engines": {
        "node": ">=18"
      },
      "optionalDependencies": {
        "fsevents": "2.3.2"
      }
    },
    "node_modules/playwright-core": {
      "version": "1.54.2",
      "resolved": "https://registry.npmjs.org/playwright-core/-/playwright-core-1.54.2.tgz",
      "integrity": "sha512-n5r4HFbMmWsB4twG7tJLDN9gmBUeSPcsBZiWSE4DnYz9mJMAFqr2ID7+eGC9kpEnxExJ1epttwR59LEWCk8mtA==",
      "dev": true,
      "bin": {
        "playwright-core": "cli.js"
      },
      "engines": {
        "node": ">=18"
      }
    },
    "node_modules/safer-buffer": {
      "version": "2.1.2",
      "resolved": "https://registry.npmjs.org/safer-buffer/-/safer-buffer-2.1.2.tgz",
      "integrity": "sha512-YZo3K82SD7Riyi0E1EQPojLz7kpepnSQI9IyPbHHg1XXXevb5dJI7tpyN2ADxGcQbHG7vcyRHk0cbwqcQriUtg==",
      "dev": true,
      "optional": true
    },
    "node_modules/undici-types": {
      "version": "6.21.0",
      "resolved": "https://registry.npmjs.org/undici-types/-/undici-types-6.21.0.tgz",
      "integrity": "sha512-iwDZqg0QAGrg9Rav5H4n0M64c3mkR59cJ6wQp+7C4nI0gsmExaedaYLNO44eT4AtBBwjbTiGPMlt2Md0T9H9JQ==",
      "dev": true,
      "license": "MIT"
    }
  }
}
